
Microsoft Visual Studio Solution File, Format Version 12.00
# Visual Studio Version 17
VisualStudioVersion = 17.4.33205.214
MinimumVisualStudioVersion = 10.0.40219.1
Project("{9A19103F-16F7-4668-BE54-9A1E7A4F7556}") = "1 - helloWorld", "1 - helloWorld\1 - helloWorld.csproj", "{D0B16D54-5260-4951-9EE2-82AE0CBDF53E}"
EndProject
Project("{9A19103F-16F7-4668-BE54-9A1E7A4F7556}") = "2 - produtoSimples", "2 - produtoSimples\2 - produtoSimples.csproj", "{AC510FA8-0DB9-4B6C-B2C0-B71F077FBF98}"
EndProject
Project("{9A19103F-16F7-4668-BE54-9A1E7A4F7556}") = "3 - bhaskara", "3 - bhaskara\3 - bhaskara.csproj", "{D19CFABE-9FF5-42C3-B31F-CCE6C54D0D55}"
EndProject
Project("{9A19103F-16F7-4668-BE54-9A1E7A4F7556}") = "4 - tempoDeUmEvento", "4 - tempoDeUmEvento\4 - tempoDeUmEvento.csproj", "{8323BF1B-1F93-4295-AE20-01EC841B0991}"
EndProject
Project("{9A19103F-16F7-4668-BE54-9A1E7A4F7556}") = "5 - sequencia1", "5 - sequencia1\5 - sequencia1.csproj", "{1BED22F7-574B-4BC4-89B5-45A875E44DDB}"
EndProject
Project("{9A19103F-16F7-4668-BE54-9A1E7A4F7556}") = "6 - quadradoEAoCubo", "6 - quadradoEAoCubo\6 - quadradoEAoCubo.csproj", "{D9695FD1-1DFA-4D4F-A19E-5D080802A273}"
EndProject
Project("{9A19103F-16F7-4668-BE54-9A1E7A4F7556}") = "8 - extremamenteBasico", "8 - extremamenteBasico\8 - extremamenteBasico.csproj", "{5A1C64C5-70BF-435C-871C-64EB92EA2489}"
EndProject
Project("{9A19103F-16F7-4668-BE54-9A1E7A4F7556}") = "z17 - tabuada", "z17 - tabuada\z17 - tabuada.csproj", "{A8C3DE69-C66E-49BA-843D-3EE25521C20B}"
EndProject
Project("{9A19103F-16F7-4668-BE54-9A1E7A4F7556}") = "z15 - animal", "z15 - animal\z15 - animal.csproj", "{F303DADF-1891-4185-A4F3-9A14C25D5387}"
EndProject
Project("{9A19103F-16F7-4668-BE54-9A1E7A4F7556}") = "z10 - saida7", "z10 - saida7\z10 - saida7.csproj", "{3B817DE5-B214-45E0-B92C-077889182FE4}"
EndProject
Project("{9A19103F-16F7-4668-BE54-9A1E7A4F7556}") = "9 - cachorroQuente", "9 - cachorroQuente\9 - cachorroQuente.csproj", "{8F6C0C44-0ADC-4448-8203-69F0D7F565D8}"
EndProject
Project("{9A19103F-16F7-4668-BE54-9A1E7A4F7556}") = "z13 - saida3", "z13 - saida3\z13 - saida3.csproj", "{6C796035-BFD2-41D1-A41F-5587FC740EF3}"
EndProject
Project("{9A19103F-16F7-4668-BE54-9A1E7A4F7556}") = "z11 - feijao", "z11 - feijao\z11 - feijao.csproj", "{76ABEDAB-197E-48F0-BCC5-A3F3C45341C4}"
EndProject
Project("{9A19103F-16F7-4668-BE54-9A1E7A4F7556}") = "z12 - tempoDeDuende", "z12 - tempoDeDuende\z12 - tempoDeDuende.csproj", "{1094AE87-89D1-40EA-8F4B-59BA6CAD76A0}"
EndProject
Project("{9A19103F-16F7-4668-BE54-9A1E7A4F7556}") = "z14 - brinquedosDoPapaiNoel", "z14 - brinquedosDoPapaiNoel\z14 - brinquedosDoPapaiNoel.csproj", "{98DB9FED-9F24-4D4A-9F9F-D10DDF4EB10D}"
EndProject
Project("{9A19103F-16F7-4668-BE54-9A1E7A4F7556}") = "z16 - numerosPares", "z16 - numerosPares\z16 - numerosPares.csproj", "{019CF0E8-75C0-4E1A-835D-AB541BF64783}"
EndProject
Project("{9A19103F-16F7-4668-BE54-9A1E7A4F7556}") = "z18 - bobConduite", "z18 - bobConduite\z18 - bobConduite.csproj", "{F1808DF1-0F1B-4173-BD4A-CEBC32969040}"
EndProject
Project("{FAE04EC0-301F-11D3-BF4B-00C04F79EFBC}") = "z19 - haMuitoMuitoTempoAtras", "z19 - haMuitoMuitoTempoAtras\z19 - haMuitoMuitoTempoAtras.csproj", "{A84CE93A-26FD-4451-BD84-9A7447F11AC4}"
EndProject
Project("{FAE04EC0-301F-11D3-BF4B-00C04F79EFBC}") = "z20 - fusoHorario", "z20 - fusoHorario\z20 - fusoHorario.csproj", "{547B0026-8E2A-4F30-8D03-B329E75EFA3B}"
EndProject
Project("{FAE04EC0-301F-11D3-BF4B-00C04F79EFBC}") = "z21 - desafioDeBino", "z21 - desafioDeBino\z21 - desafioDeBino.csproj", "{1C3DF89E-3768-432A-973F-0D27331FBCE6}"
EndProject
Project("{FAE04EC0-301F-11D3-BF4B-00C04F79EFBC}") = "z22 - saltosOrnamentais", "z22 - saltosOrnamentais\z22 - saltosOrnamentais.csproj", "{70A9AF29-ADC8-451C-8C20-0937A0A72ED0}"
EndProject
Project("{FAE04EC0-301F-11D3-BF4B-00C04F79EFBC}") = "z23 - qualTriangulo", "z23 - qualTriangulo\z23 - qualTriangulo.csproj", "{D10A500C-1E87-46D0-97EC-A424EF6D5384}"
EndProject
Project("{FAE04EC0-301F-11D3-BF4B-00C04F79EFBC}") = "z24 - felizNatal", "z24 - felizNatal\z24 - felizNatal.csproj", "{9D2AF80E-2365-4E24-B1E2-442F2EBC2C70}"
EndProject
Global
	GlobalSection(SolutionConfigurationPlatforms) = preSolution
		Debug|Any CPU = Debug|Any CPU
		Release|Any CPU = Release|Any CPU
	EndGlobalSection
	GlobalSection(ProjectConfigurationPlatforms) = postSolution
		{D0B16D54-5260-4951-9EE2-82AE0CBDF53E}.Debug|Any CPU.ActiveCfg = Debug|Any CPU
		{D0B16D54-5260-4951-9EE2-82AE0CBDF53E}.Debug|Any CPU.Build.0 = Debug|Any CPU
		{D0B16D54-5260-4951-9EE2-82AE0CBDF53E}.Release|Any CPU.ActiveCfg = Release|Any CPU
		{D0B16D54-5260-4951-9EE2-82AE0CBDF53E}.Release|Any CPU.Build.0 = Release|Any CPU
		{AC510FA8-0DB9-4B6C-B2C0-B71F077FBF98}.Debug|Any CPU.ActiveCfg = Debug|Any CPU
		{AC510FA8-0DB9-4B6C-B2C0-B71F077FBF98}.Debug|Any CPU.Build.0 = Debug|Any CPU
		{AC510FA8-0DB9-4B6C-B2C0-B71F077FBF98}.Release|Any CPU.ActiveCfg = Release|Any CPU
		{AC510FA8-0DB9-4B6C-B2C0-B71F077FBF98}.Release|Any CPU.Build.0 = Release|Any CPU
		{D19CFABE-9FF5-42C3-B31F-CCE6C54D0D55}.Debug|Any CPU.ActiveCfg = Debug|Any CPU
		{D19CFABE-9FF5-42C3-B31F-CCE6C54D0D55}.Debug|Any CPU.Build.0 = Debug|Any CPU
		{D19CFABE-9FF5-42C3-B31F-CCE6C54D0D55}.Release|Any CPU.ActiveCfg = Release|Any CPU
		{D19CFABE-9FF5-42C3-B31F-CCE6C54D0D55}.Release|Any CPU.Build.0 = Release|Any CPU
		{8323BF1B-1F93-4295-AE20-01EC841B0991}.Debug|Any CPU.ActiveCfg = Debug|Any CPU
		{8323BF1B-1F93-4295-AE20-01EC841B0991}.Debug|Any CPU.Build.0 = Debug|Any CPU
		{8323BF1B-1F93-4295-AE20-01EC841B0991}.Release|Any CPU.ActiveCfg = Release|Any CPU
		{8323BF1B-1F93-4295-AE20-01EC841B0991}.Release|Any CPU.Build.0 = Release|Any CPU
		{1BED22F7-574B-4BC4-89B5-45A875E44DDB}.Debug|Any CPU.ActiveCfg = Debug|Any CPU
		{1BED22F7-574B-4BC4-89B5-45A875E44DDB}.Debug|Any CPU.Build.0 = Debug|Any CPU
		{1BED22F7-574B-4BC4-89B5-45A875E44DDB}.Release|Any CPU.ActiveCfg = Release|Any CPU
		{1BED22F7-574B-4BC4-89B5-45A875E44DDB}.Release|Any CPU.Build.0 = Release|Any CPU
		{D9695FD1-1DFA-4D4F-A19E-5D080802A273}.Debug|Any CPU.ActiveCfg = Debug|Any CPU
		{D9695FD1-1DFA-4D4F-A19E-5D080802A273}.Debug|Any CPU.Build.0 = Debug|Any CPU
		{D9695FD1-1DFA-4D4F-A19E-5D080802A273}.Release|Any CPU.ActiveCfg = Release|Any CPU
		{D9695FD1-1DFA-4D4F-A19E-5D080802A273}.Release|Any CPU.Build.0 = Release|Any CPU
		{5A1C64C5-70BF-435C-871C-64EB92EA2489}.Debug|Any CPU.ActiveCfg = Debug|Any CPU
		{5A1C64C5-70BF-435C-871C-64EB92EA2489}.Debug|Any CPU.Build.0 = Debug|Any CPU
		{5A1C64C5-70BF-435C-871C-64EB92EA2489}.Release|Any CPU.ActiveCfg = Release|Any CPU
		{5A1C64C5-70BF-435C-871C-64EB92EA2489}.Release|Any CPU.Build.0 = Release|Any CPU
		{A8C3DE69-C66E-49BA-843D-3EE25521C20B}.Debug|Any CPU.ActiveCfg = Debug|Any CPU
		{A8C3DE69-C66E-49BA-843D-3EE25521C20B}.Debug|Any CPU.Build.0 = Debug|Any CPU
		{A8C3DE69-C66E-49BA-843D-3EE25521C20B}.Release|Any CPU.ActiveCfg = Release|Any CPU
		{A8C3DE69-C66E-49BA-843D-3EE25521C20B}.Release|Any CPU.Build.0 = Release|Any CPU
		{F303DADF-1891-4185-A4F3-9A14C25D5387}.Debug|Any CPU.ActiveCfg = Debug|Any CPU
		{F303DADF-1891-4185-A4F3-9A14C25D5387}.Debug|Any CPU.Build.0 = Debug|Any CPU
		{F303DADF-1891-4185-A4F3-9A14C25D5387}.Release|Any CPU.ActiveCfg = Release|Any CPU
		{F303DADF-1891-4185-A4F3-9A14C25D5387}.Release|Any CPU.Build.0 = Release|Any CPU
		{3B817DE5-B214-45E0-B92C-077889182FE4}.Debug|Any CPU.ActiveCfg = Debug|Any CPU
		{3B817DE5-B214-45E0-B92C-077889182FE4}.Debug|Any CPU.Build.0 = Debug|Any CPU
		{3B817DE5-B214-45E0-B92C-077889182FE4}.Release|Any CPU.ActiveCfg = Release|Any CPU
		{3B817DE5-B214-45E0-B92C-077889182FE4}.Release|Any CPU.Build.0 = Release|Any CPU
		{8F6C0C44-0ADC-4448-8203-69F0D7F565D8}.Debug|Any CPU.ActiveCfg = Debug|Any CPU
		{8F6C0C44-0ADC-4448-8203-69F0D7F565D8}.Debug|Any CPU.Build.0 = Debug|Any CPU
		{8F6C0C44-0ADC-4448-8203-69F0D7F565D8}.Release|Any CPU.ActiveCfg = Release|Any CPU
		{8F6C0C44-0ADC-4448-8203-69F0D7F565D8}.Release|Any CPU.Build.0 = Release|Any CPU
		{6C796035-BFD2-41D1-A41F-5587FC740EF3}.Debug|Any CPU.ActiveCfg = Debug|Any CPU
		{6C796035-BFD2-41D1-A41F-5587FC740EF3}.Debug|Any CPU.Build.0 = Debug|Any CPU
		{6C796035-BFD2-41D1-A41F-5587FC740EF3}.Release|Any CPU.ActiveCfg = Release|Any CPU
		{6C796035-BFD2-41D1-A41F-5587FC740EF3}.Release|Any CPU.Build.0 = Release|Any CPU
		{76ABEDAB-197E-48F0-BCC5-A3F3C45341C4}.Debug|Any CPU.ActiveCfg = Debug|Any CPU
		{76ABEDAB-197E-48F0-BCC5-A3F3C45341C4}.Debug|Any CPU.Build.0 = Debug|Any CPU
		{76ABEDAB-197E-48F0-BCC5-A3F3C45341C4}.Release|Any CPU.ActiveCfg = Release|Any CPU
		{76ABEDAB-197E-48F0-BCC5-A3F3C45341C4}.Release|Any CPU.Build.0 = Release|Any CPU
		{1094AE87-89D1-40EA-8F4B-59BA6CAD76A0}.Debug|Any CPU.ActiveCfg = Debug|Any CPU
		{1094AE87-89D1-40EA-8F4B-59BA6CAD76A0}.Debug|Any CPU.Build.0 = Debug|Any CPU
		{1094AE87-89D1-40EA-8F4B-59BA6CAD76A0}.Release|Any CPU.ActiveCfg = Release|Any CPU
		{1094AE87-89D1-40EA-8F4B-59BA6CAD76A0}.Release|Any CPU.Build.0 = Release|Any CPU
		{98DB9FED-9F24-4D4A-9F9F-D10DDF4EB10D}.Debug|Any CPU.ActiveCfg = Debug|Any CPU
		{98DB9FED-9F24-4D4A-9F9F-D10DDF4EB10D}.Debug|Any CPU.Build.0 = Debug|Any CPU
		{98DB9FED-9F24-4D4A-9F9F-D10DDF4EB10D}.Release|Any CPU.ActiveCfg = Release|Any CPU
		{98DB9FED-9F24-4D4A-9F9F-D10DDF4EB10D}.Release|Any CPU.Build.0 = Release|Any CPU
		{019CF0E8-75C0-4E1A-835D-AB541BF64783}.Debug|Any CPU.ActiveCfg = Debug|Any CPU
		{019CF0E8-75C0-4E1A-835D-AB541BF64783}.Debug|Any CPU.Build.0 = Debug|Any CPU
		{019CF0E8-75C0-4E1A-835D-AB541BF64783}.Release|Any CPU.ActiveCfg = Release|Any CPU
		{019CF0E8-75C0-4E1A-835D-AB541BF64783}.Release|Any CPU.Build.0 = Release|Any CPU
		{F1808DF1-0F1B-4173-BD4A-CEBC32969040}.Debug|Any CPU.ActiveCfg = Debug|Any CPU
		{F1808DF1-0F1B-4173-BD4A-CEBC32969040}.Debug|Any CPU.Build.0 = Debug|Any CPU
		{F1808DF1-0F1B-4173-BD4A-CEBC32969040}.Release|Any CPU.ActiveCfg = Release|Any CPU
		{F1808DF1-0F1B-4173-BD4A-CEBC32969040}.Release|Any CPU.Build.0 = Release|Any CPU
		{A84CE93A-26FD-4451-BD84-9A7447F11AC4}.Debug|Any CPU.ActiveCfg = Debug|Any CPU
		{A84CE93A-26FD-4451-BD84-9A7447F11AC4}.Debug|Any CPU.Build.0 = Debug|Any CPU
		{A84CE93A-26FD-4451-BD84-9A7447F11AC4}.Release|Any CPU.ActiveCfg = Release|Any CPU
		{A84CE93A-26FD-4451-BD84-9A7447F11AC4}.Release|Any CPU.Build.0 = Release|Any CPU
		{547B0026-8E2A-4F30-8D03-B329E75EFA3B}.Debug|Any CPU.ActiveCfg = Debug|Any CPU
		{547B0026-8E2A-4F30-8D03-B329E75EFA3B}.Debug|Any CPU.Build.0 = Debug|Any CPU
		{547B0026-8E2A-4F30-8D03-B329E75EFA3B}.Release|Any CPU.ActiveCfg = Release|Any CPU
		{547B0026-8E2A-4F30-8D03-B329E75EFA3B}.Release|Any CPU.Build.0 = Release|Any CPU
		{1C3DF89E-3768-432A-973F-0D27331FBCE6}.Debug|Any CPU.ActiveCfg = Debug|Any CPU
		{1C3DF89E-3768-432A-973F-0D27331FBCE6}.Debug|Any CPU.Build.0 = Debug|Any CPU
		{1C3DF89E-3768-432A-973F-0D27331FBCE6}.Release|Any CPU.ActiveCfg = Release|Any CPU
		{1C3DF89E-3768-432A-973F-0D27331FBCE6}.Release|Any CPU.Build.0 = Release|Any CPU
		{70A9AF29-ADC8-451C-8C20-0937A0A72ED0}.Debug|Any CPU.ActiveCfg = Debug|Any CPU
		{70A9AF29-ADC8-451C-8C20-0937A0A72ED0}.Debug|Any CPU.Build.0 = Debug|Any CPU
		{70A9AF29-ADC8-451C-8C20-0937A0A72ED0}.Release|Any CPU.ActiveCfg = Release|Any CPU
		{70A9AF29-ADC8-451C-8C20-0937A0A72ED0}.Release|Any CPU.Build.0 = Release|Any CPU
		{D10A500C-1E87-46D0-97EC-A424EF6D5384}.Debug|Any CPU.ActiveCfg = Debug|Any CPU
		{D10A500C-1E87-46D0-97EC-A424EF6D5384}.Debug|Any CPU.Build.0 = Debug|Any CPU
		{D10A500C-1E87-46D0-97EC-A424EF6D5384}.Release|Any CPU.ActiveCfg = Release|Any CPU
		{D10A500C-1E87-46D0-97EC-A424EF6D5384}.Release|Any CPU.Build.0 = Release|Any CPU
		{9D2AF80E-2365-4E24-B1E2-442F2EBC2C70}.Debug|Any CPU.ActiveCfg = Debug|Any CPU
		{9D2AF80E-2365-4E24-B1E2-442F2EBC2C70}.Debug|Any CPU.Build.0 = Debug|Any CPU
		{9D2AF80E-2365-4E24-B1E2-442F2EBC2C70}.Release|Any CPU.ActiveCfg = Release|Any CPU
		{9D2AF80E-2365-4E24-B1E2-442F2EBC2C70}.Release|Any CPU.Build.0 = Release|Any CPU
	EndGlobalSection
	GlobalSection(SolutionProperties) = preSolution
		HideSolutionNode = FALSE
	EndGlobalSection
	GlobalSection(ExtensibilityGlobals) = postSolution
		SolutionGuid = {8C08DEB8-37BE-4A68-B66A-ABC85A0F4599}
	EndGlobalSection
EndGlobal
